Microsoft Visual Studio Solution File, Format Version 12.00
# Visual Studio 14
VisualStudioVersion = 14.0.25420.1
MinimumVisualStudioVersion = 10.0.40219.1
Project("{FAE04EC0-301F-11D3-BF4B-00C04F79EFBC}") = "XmlUtils", "XmlUtils\XmlUtils.csproj", "{4D2762E3-586C-4C88-9A0A-9E374E94EE1D}"
EndProject
Project("{FAE04EC0-301F-11D3-BF4B-00C04F79EFBC}") = "XmlUtils.Example", "XmlUtils.Example\XmlUtils.Example.csproj", "{14D5631D-FE67-44E8-ADBC-4FBEFB5F10BC}"
EndProject
Global
	GlobalSection(SolutionConfigurationPlatforms) = preSolution
		Debug|Any CPU = Debug|Any CPU
		Release|Any CPU = Release|Any CPU
	EndGlobalSection
	GlobalSection(ProjectConfigurationPlatforms) = postSolution
		{4D2762E3-586C-4C88-9A0A-9E374E94EE1D}.Debug|Any CPU.ActiveCfg = Debug|Any CPU
		{4D2762E3-586C-4C88-9A0A-9E374E94EE1D}.Debug|Any CPU.Build.0 = Debug|Any CPU
		{4D2762E3-586C-4C88-9A0A-9E374E94EE1D}.Release|Any CPU.ActiveCfg = Release|Any CPU
		{4D2762E3-586C-4C88-9A0A-9E374E94EE1D}.Release|Any CPU.Build.0 = Release|Any CPU
		{4D2762E3-586C-4C88-9A0A-9E374E94EE1D}.Release|Any CPU.Deploy.0 = Release|Any CPU
		{14D5631D-FE67-44E8-ADBC-4FBEFB5F10BC}.Debug|Any CPU.ActiveCfg = Debug|Any CPU
		{14D5631D-FE67-44E8-ADBC-4FBEFB5F10BC}.Debug|Any CPU.Build.0 = Debug|Any CPU
		{14D5631D-FE67-44E8-ADBC-4FBEFB5F10BC}.Release|Any CPU.ActiveCfg = Release|Any CPU
		{14D5631D-FE67-44E8-ADBC-4FBEFB5F10BC}.Release|Any CPU.Build.0 = Release|Any CPU
	EndGlobalSection
	GlobalSection(SolutionProperties) = preSolution
		HideSolutionNode = FALSE
	EndGlobalSection
EndGlobal
